
Microsoft Visual Studio Solution File, Format Version 12.00
# Visual Studio Version 16
VisualStudioVersion = 16.0.31019.35
MinimumVisualStudioVersion = 10.0.40219.1
Project("{FAE04EC0-301F-11D3-BF4B-00C04F79EFBC}") = "BasicAPI", "BasicAPI.csproj", "{1DD2FFD7-3F51-4BE1-9C06-9E0A39C7DC78}"
EndProject
Global
	GlobalSection(SolutionConfigurationPlatforms) = preSolution
		Debug|Any CPU = Debug|Any CPU
		Release|Any CPU = Release|Any CPU
	EndGlobalSection
	GlobalSection(ProjectConfigurationPlatforms) = postSolution
		{1DD2FFD7-3F51-4BE1-9C06-9E0A39C7DC78}.Debug|Any CPU.ActiveCfg = Debug|Any CPU
		{1DD2FFD7-3F51-4BE1-9C06-9E0A39C7DC78}.Debug|Any CPU.Build.0 = Debug|Any CPU
		{1DD2FFD7-3F51-4BE1-9C06-9E0A39C7DC78}.Release|Any CPU.ActiveCfg = Release|Any CPU
		{1DD2FFD7-3F51-4BE1-9C06-9E0A39C7DC78}.Release|Any CPU.Build.0 = Release|Any CPU
	EndGlobalSection
	GlobalSection(SolutionProperties) = preSolution
		HideSolutionNode = FALSE
	EndGlobalSection
	GlobalSection(ExtensibilityGlobals) = postSolution
		SolutionGuid = {C2528F0A-8653-4E51-B77E-B3CB9FA605B4}
	EndGlobalSection
EndGlobal
